// !$*UTF8*$!
{
	archiveVersion = 1;
	classes = {
	};
	objectVersion = 46;
	objects = {

/* Begin PBXBuildFile section */
		F51E574D1D9F2F05002A2110 /* AppDelegate.swift in Sources */ = {isa = PBXBuildFile; fileRef = F51E574C1D9F2F05002A2110 /* AppDelegate.swift */; };
		F51E574F1D9F2F05002A2110 /* ViewController.swift in Sources */ = {isa = PBXBuildFile; fileRef = F51E574E1D9F2F05002A2110 /* ViewController.swift */; };
		F51E57521D9F2F05002A2110 /* Main.storyboard in Resources */ = {isa = PBXBuildFile; fileRef = F51E57501D9F2F05002A2110 /* Main.storyboard */; };
		F51E57541D9F2F05002A2110 /* Assets.xcassets in Resources */ = {isa = PBXBuildFile; fileRef = F51E57531D9F2F05002A2110 /* Assets.xcassets */; };
		F51E57571D9F2F05002A2110 /* LaunchScreen.storyboard in Resources */ = {isa = PBXBuildFile; fileRef = F51E57551D9F2F05002A2110 /* LaunchScreen.storyboard */; };
		F51E57621D9F2F05002A2110 /* ScoresTests.swift in Sources */ = {isa = PBXBuildFile; fileRef = F51E57611D9F2F05002A2110 /* ScoresTests.swift */; };
/* End PBXBuildFile section */

/* Begin PBXContainerItemProxy section */
		F51E575E1D9F2F05002A2110 /* PBXContainerItemProxy */ = {
			isa = PBXContainerItemProxy;
			containerPortal = F51E57411D9F2F05002A2110 /* Project object */;
			proxyType = 1;
			remoteGlobalIDString = F51E57481D9F2F05002A2110;
			remoteInfo = Scores;
		};
/* End PBXContainerItemProxy section */

/* Begin PBXFileReference section */
		F51E57491D9F2F05002A2110 /* Scores.app */ = {isa = PBXFileReference; explicitFileType = wrapper.application; includeInIndex = 0; path = Scores.app; sourceTree = BUILT_PRODUCTS_DIR; };
		F51E574C1D9F2F05002A2110 /* AppDelegate.swift */ = {isa = PBXFileReference; lastKnownFileType = sourcecode.swift; path = AppDelegate.swift; sourceTree = "<group>"; };
		F51E574E1D9F2F05002A2110 /* ViewController.swift */ = {isa = PBXFileReference; lastKnownFileType = sourcecode.swift; path = ViewController.swift; sourceTree = "<group>"; };
		F51E57511D9F2F05002A2110 /* Base */ = {isa = PBXFileReference; lastKnownFileType = file.storyboard; name = Base; path = Base.lproj/Main.storyboard; sourceTree = "<group>"; };
		F51E57531D9F2F05002A2110 /* Assets.xcassets */ = {isa = PBXFileReference; lastKnownFileType = folder.assetcatalog; path = Assets.xcassets; sourceTree = "<group>"; };
		F51E57561D9F2F05002A2110 /* Base */ = {isa = PBXFileReference; lastKnownFileType = file.storyboard; name = Base; path = Base.lproj/LaunchScreen.storyboard; sourceTree = "<group>"; };
		F51E57581D9F2F05002A2110 /* Info.plist */ = {isa = PBXFileReference; lastKnownFileType = text.plist.xml; path = Info.plist; sourceTree = "<group>"; };
		F51E575D1D9F2F05002A2110 /* ScoresTests.xctest */ = {isa = PBXFileReference; explicitFileType = wrapper.cfbundle; includeInIndex = 0; path = ScoresTests.xctest; sourceTree = BUILT_PRODUCTS_DIR; };
		F51E57611D9F2F05002A2110 /* ScoresTests.swift */ = {isa = PBXFileReference; lastKnownFileType = sourcecode.swift; path = ScoresTests.swift; sourceTree = "<group>"; };
		F51E57631D9F2F05002A2110 /* Info.plist */ = {isa = PBXFileReference; lastKnownFileType = text.plist.xml; path = Info.plist; sourceTree = "<group>"; };
/* End PBXFileReference section */

/* Begin PBXFrameworksBuildPhase section */
		F51E57461D9F2F05002A2110 /* Frameworks */ = {
			isa = PBXFrameworksBuildPhase;
			buildActionMask = 2147483647;
			files = (
			);
			runOnlyForDeploymentPostprocessing = 0;
		};
		F51E575A1D9F2F05002A2110 /* Frameworks */ = {
			isa = PBXFrameworksBuildPhase;
			buildActionMask = 2147483647;
			files = (
			);
			runOnlyForDeploymentPostprocessing = 0;
		};
/* End PBXFrameworksBuildPhase section */

/* Begin PBXGroup section */
		F51E57401D9F2F05002A2110 = {
			isa = PBXGroup;
			children = (
				F51E574B1D9F2F05002A2110 /* Scores */,
				F51E57601D9F2F05002A2110 /* ScoresTests */,
				F51E574A1D9F2F05002A2110 /* Products */,
			);
			sourceTree = "<group>";
		};
		F51E574A1D9F2F05002A2110 /* Products */ = {
			isa = PBXGroup;
			children = (
				F51E57491D9F2F05002A2110 /* Scores.app */,
				F51E575D1D9F2F05002A2110 /* ScoresTests.xctest */,
			);
			name = Products;
			sourceTree = "<group>";
		};
		F51E574B1D9F2F05002A2110 /* Scores */ = {
			isa = PBXGroup;
			children = (
				F51E574C1D9F2F05002A2110 /* AppDelegate.swift */,
				F51E574E1D9F2F05002A2110 /* ViewController.swift */,
				F51E57501D9F2F05002A2110 /* Main.storyboard */,
				F51E57531D9F2F05002A2110 /* Assets.xcassets */,
				F51E57551D9F2F05002A2110 /* LaunchScreen.storyboard */,
				F51E57581D9F2F05002A2110 /* Info.plist */,
			);
			path = Scores;
			sourceTree = "<group>";
		};
		F51E57601D9F2F05002A2110 /* ScoresTests */ = {
			isa = PBXGroup;
			children = (
				F51E57611D9F2F05002A2110 /* ScoresTests.swift */,
				F51E57631D9F2F05002A2110 /* Info.plist */,
			);
			path = ScoresTests;
			sourceTree = "<group>";
		};
/* End PBXGroup section */

/* Begin PBXNativeTarget section */
		F51E57481D9F2F05002A2110 /* Scores */ = {
			isa = PBXNativeTarget;
			buildConfigurationList = F51E57661D9F2F05002A2110 /* Build configuration list for PBXNativeTarget "Scores" */;
			buildPhases = (
				F51E57451D9F2F05002A2110 /* Sources */,
				F51E57461D9F2F05002A2110 /* Frameworks */,
				F51E57471D9F2F05002A2110 /* Resources */,
			);
			buildRules = (
			);
			dependencies = (
			);
			name = Scores;
			productName = Scores;
			productReference = F51E57491D9F2F05002A2110 /* Scores.app */;
			productType = "com.apple.product-type.application";
		};
		F51E575C1D9F2F05002A2110 /* ScoresTests */ = {
			isa = PBXNativeTarget;
			buildConfigurationList = F51E57691D9F2F05002A2110 /* Build configuration list for PBXNativeTarget "ScoresTests" */;
			buildPhases = (
				F51E57591D9F2F05002A2110 /* Sources */,
				F51E575A1D9F2F05002A2110 /* Frameworks */,
				F51E575B1D9F2F05002A2110 /* Resources */,
			);
			buildRules = (
			);
			dependencies = (
				F51E575F1D9F2F05002A2110 /* PBXTargetDependency */,
			);
			name = ScoresTests;
			productName = ScoresTests;
			productReference = F51E575D1D9F2F05002A2110 /* ScoresTests.xctest */;
			productType = "com.apple.product-type.bundle.unit-test";
		};
/* End PBXNativeTarget section */

/* Begin PBXProject section */
		F51E57411D9F2F05002A2110 /* Project object */ = {
			isa = PBXProject;
			attributes = {
				LastSwiftUpdateCheck = 0730;
				LastUpgradeCheck = 0940;
				ORGANIZATIONNAME = "Max Luttrell";
				TargetAttributes = {
					F51E57481D9F2F05002A2110 = {
						CreatedOnToolsVersion = 7.3.1;
						LastSwiftMigration = 0920;
					};
					F51E575C1D9F2F05002A2110 = {
						CreatedOnToolsVersion = 7.3.1;
						LastSwiftMigration = 0920;
						TestTargetID = F51E57481D9F2F05002A2110;
					};
				};
			};
			buildConfigurationList = F51E57441D9F2F05002A2110 /* Build configuration list for PBXProject "Scores" */;
			compatibilityVersion = "Xcode 3.2";
			developmentRegion = English;
			hasScannedForEncodings = 0;
			knownRegions = (
				en,
				Base,
			);
			mainGroup = F51E57401D9F2F05002A2110;
			productRefGroup = F51E574A1D9F2F05002A2110 /* Products */;
			projectDirPath = "";
			projectRoot = "";
			targets = (
				F51E57481D9F2F05002A2110 /* Scores */,
				F51E575C1D9F2F05002A2110 /* ScoresTests */,
			);
		};
/* End PBXProject section */

/* Begin PBXResourcesBuildPhase section */
		F51E57471D9F2F05002A2110 /* Resources */ = {
			isa = PBXResourcesBuildPhase;
			buildActionMask = 2147483647;
			files = (
				F51E57571D9F2F05002A2110 /* LaunchScreen.storyboard in Resources */,
				F51E57541D9F2F05002A2110 /* Assets.xcassets in Resources */,
				F51E57521D9F2F05002A2110 /* Main.storyboard in Resources */,
			);
			runOnlyForDeploymentPostprocessing = 0;
		};
		F51E575B1D9F2F05002A2110 /* Resources */ = {
			isa = PBXResourcesBuildPhase;
			buildActionMask = 2147483647;
			files = (
			);
			runOnlyForDeploymentPostprocessing = 0;
		};
/* End PBXResourcesBuildPhase section */

/* Begin PBXSourcesBuildPhase section */
		F51E57451D9F2F05002A2110 /* Sources */ = {
			isa = PBXSourcesBuildPhase;
			buildActionMask = 2147483647;
			files = (
				F51E574F1D9F2F05002A2110 /* ViewController.swift in Sources */,
				F51E574D1D9F2F05002A2110 /* AppDelegate.swift in Sources */,
			);
			runOnlyForDeploymentPostprocessing = 0;
		};
		F51E57591D9F2F05002A2110 /* Sources */ = {
			isa = PBXSourcesBuildPhase;
			buildActionMask = 2147483647;
			files = (
				F51E57621D9F2F05002A2110 /* ScoresTests.swift in Sources */,
			);
			runOnlyForDeploymentPostprocessing = 0;
		};
/* End PBXSourcesBuildPhase section */

/* Begin PBXTargetDependency section */
		F51E575F1D9F2F05002A2110 /* PBXTargetDependency */ = {
			isa = PBXTargetDependency;
			target = F51E57481D9F2F05002A2110 /* Scores */;
			targetProxy = F51E575E1D9F2F05002A2110 /* PBXContainerItemProxy */;
		};
/* End PBXTargetDependency section */

/* Begin PBXVariantGroup section */
		F51E57501D9F2F05002A2110 /* Main.storyboard */ = {
			isa = PBXVariantGroup;
			children = (
				F51E57511D9F2F05002A2110 /* Base */,
			);
			name = Main.storyboard;
			sourceTree = "<group>";
		};
		F51E57551D9F2F05002A2110 /* LaunchScreen.storyboard */ = {
			isa = PBXVariantGroup;
			children = (
				F51E57561D9F2F05002A2110 /* Base */,
			);
			name = LaunchScreen.storyboard;
			sourceTree = "<group>";
		};
/* End PBXVariantGroup section */

/* Begin XCBuildConfiguration section */
		F51E57641D9F2F05002A2110 /* Debug */ = {
			isa = XCBuildConfiguration;
			buildSettings = {
				ALWAYS_SEARCH_USER_PATHS = NO;
				CLANG_ANALYZER_NONNULL = YES;
				CLANG_CXX_LANGUAGE_STANDARD = "gnu++0x";
				CLANG_CXX_LIBRARY = "libc++";
				CLANG_ENABLE_MODULES = YES;
				CLANG_ENABLE_OBJC_ARC = YES;
				CLANG_WARN_BLOCK_CAPTURE_AUTORELEASING = YES;
				CLANG_WARN_BOOL_CONVERSION = YES;
				CLANG_WARN_COMMA = YES;
				CLANG_WARN_CONSTANT_CONVERSION = YES;
				CLANG_WARN_DEPRECATED_OBJC_IMPLEMENTATIONS = YES;
				CLANG_WARN_DIRECT_OBJC_ISA_USAGE = YES_ERROR;
				CLANG_WARN_EMPTY_BODY = YES;
				CLANG_WARN_ENUM_CONVERSION = YES;
				CLANG_WARN_INFINITE_RECURSION = YES;
				CLANG_WARN_INT_CONVERSION = YES;
				CLANG_WARN_NON_LITERAL_NULL_CONVERSION = YES;
				CLANG_WARN_OBJC_IMPLICIT_RETAIN_SELF = YES;
				CLANG_WARN_OBJC_LITERAL_CONVERSION = YES;
				CLANG_WARN_OBJC_ROOT_CLASS = YES_ERROR;
				CLANG_WARN_RANGE_LOOP_ANALYSIS = YES;
				CLANG_WARN_STRICT_PROTOTYPES = YES;
				CLANG_WARN_SUSPICIOUS_MOVE = YES;
				CLANG_WARN_UNREACHABLE_CODE = YES;
				CLANG_WARN__DUPLICATE_METHOD_MATCH = YES;
				"CODE_SIGN_IDENTITY[sdk=iphoneos*]" = "iPhone Developer";
				COPY_PHASE_STRIP = NO;
				DEBUG_INFORMATION_FORMAT = dwarf;
				ENABLE_STRICT_OBJC_MSGSEND = YES;
				ENABLE_TESTABILITY = YES;
				GCC_C_LANGUAGE_STANDARD = gnu99;
				GCC_DYNAMIC_NO_PIC = NO;
				GCC_NO_COMMON_BLOCKS = YES;
				GCC_OPTIMIZATION_LEVEL = 0;
				GCC_PREPROCESSOR_DEFINITIONS = (
					"DEBUG=1",
					"$(inherited)",
				);
				GCC_WARN_64_TO_32_BIT_CONVERSION = YES;
				GCC_WARN_ABOUT_RETURN_TYPE = YES_ERROR;
				GCC_WARN_UNDECLARED_SELECTOR = YES;
				GCC_WARN_UNINITIALIZED_AUTOS = YES_AGGRESSIVE;
				GCC_WARN_UNUSED_FUNCTION = YES;
				GCC_WARN_UNUSED_VARIABLE = YES;
				IPHONEOS_DEPLOYMENT_TARGET = 11.2;
				MTL_ENABLE_DEBUG_INFO = YES;
				ONLY_ACTIVE_ARCH = YES;
				SDKROOT = iphoneos;
				SWIFT_OPTIMIZATION_LEVEL = "-Onone";
			};
			name = Debug;
		};
		F51E57651D9F2F05002A2110 /* Release */ = {
			isa = XCBuildConfiguration;
			buildSettings = {
				ALWAYS_SEARCH_USER_PATHS = NO;
				CLANG_ANALYZER_NONNULL = YES;
				CLANG_CXX_LANGUAGE_STANDARD = "gnu++0x";
				CLANG_CXX_LIBRARY = "libc++";
				CLANG_ENABLE_MODULES = YES;
				CLANG_ENABLE_OBJC_ARC = YES;
				CLANG_WARN_BLOCK_CAPTURE_AUTORELEASING = YES;
				CLANG_WARN_BOOL_CONVERSION = YES;
				CLANG_WARN_COMMA = YES;
				CLANG_WARN_CONSTANT_CONVERSION = YES;
				CLANG_WARN_DEPRECATED_OBJC_IMPLEMENTATIONS = YES;
				CLANG_WARN_DIRECT_OBJC_ISA_USAGE = YES_ERROR;
				CLANG_WARN_EMPTY_BODY = YES;
				CLANG_WARN_ENUM_CONVERSION = YES;
				CLANG_WARN_INFINITE_RECURSION = YES;
				CLANG_WARN_INT_CONVERSION = YES;
				CLANG_WARN_NON_LITERAL_NULL_CONVERSION = YES;
				CLANG_WARN_OBJC_IMPLICIT_RETAIN_SELF = YES;
				CLANG_WARN_OBJC_LITERAL_CONVERSION = YES;
				CLANG_WARN_OBJC_ROOT_CLASS = YES_ERROR;
				CLANG_WARN_RANGE_LOOP_ANALYSIS = YES;
				CLANG_WARN_STRICT_PROTOTYPES = YES;
				CLANG_WARN_SUSPICIOUS_MOVE = YES;
				CLANG_WARN_UNREACHABLE_CODE = YES;
				CLANG_WARN__DUPLICATE_METHOD_MATCH = YES;
				"CODE_SIGN_IDENTITY[sdk=iphoneos*]" = "iPhone Developer";
				COPY_PHASE_STRIP = NO;
				DEBUG_INFORMATION_FORMAT = "dwarf-with-dsym";
				ENABLE_NS_ASSERTIONS = NO;
				ENABLE_STRICT_OBJC_MSGSEND = YES;
				GCC_C_LANGUAGE_STANDARD = gnu99;
				GCC_NO_COMMON_BLOCKS = YES;
				GCC_WARN_64_TO_32_BIT_CONVERSION = YES;
				GCC_WARN_ABOUT_RETURN_TYPE = YES_ERROR;
				GCC_WARN_UNDECLARED_SELECTOR = YES;
				GCC_WARN_UNINITIALIZED_AUTOS = YES_AGGRESSIVE;
				GCC_WARN_UNUSED_FUNCTION = YES;
				GCC_WARN_UNUSED_VARIABLE = YES;
				IPHONEOS_DEPLOYMENT_TARGET = 11.2;
				MTL_ENABLE_DEBUG_INFO = NO;
				SDKROOT = iphoneos;
				SWIFT_OPTIMIZATION_LEVEL = "-Owholemodule";
				VALIDATE_PRODUCT = YES;
			};
			name = Release;
		};
		F51E57671D9F2F05002A2110 /* Debug */ = {
			isa = XCBuildConfiguration;
			buildSettings = {
				ASSETCATALOG_COMPILER_APPICON_NAME = AppIcon;
				INFOPLIST_FILE = Scores/Info.plist;
				LD_RUNPATH_SEARCH_PATHS = "$(inherited) @executable_path/Frameworks";
				PRODUCT_BUNDLE_IDENTIFIER = com.example.Scores;
				PRODUCT_NAME = "$(TARGET_NAME)";
				SWIFT_SWIFT3_OBJC_INFERENCE = Default;
				SWIFT_VERSION = 4.0;
			};
			name = Debug;
		};
		F51E57681D9F2F05002A2110 /* Release */ = {
			isa = XCBuildConfiguration;
			buildSettings = {
				ASSETCATALOG_COMPILER_APPICON_NAME = AppIcon;
				INFOPLIST_FILE = Scores/Info.plist;
				LD_RUNPATH_SEARCH_PATHS = "$(inherited) @executable_path/Frameworks";
				PRODUCT_BUNDLE_IDENTIFIER = com.example.Scores;
				PRODUCT_NAME = "$(TARGET_NAME)";
				SWIFT_SWIFT3_OBJC_INFERENCE = Default;
				SWIFT_VERSION = 4.0;
			};
			name = Release;
		};
		F51E576A1D9F2F05002A2110 /* Debug */ = {
			isa = XCBuildConfiguration;
			buildSettings = {
				BUNDLE_LOADER = "$(TEST_HOST)";
				INFOPLIST_FILE = ScoresTests/Info.plist;
				LD_RUNPATH_SEARCH_PATHS = "$(inherited) @executable_path/Frameworks @loader_path/Frameworks";
				PRODUCT_BUNDLE_IDENTIFIER = com.example.ScoresTests;
				PRODUCT_NAME = "$(TARGET_NAME)";
				SWIFT_SWIFT3_OBJC_INFERENCE = Default;
				SWIFT_VERSION = 4.0;
				TEST_HOST = "$(BUILT_PRODUCTS_DIR)/Scores.app/Scores";
			};
			name = Debug;
		};
		F51E576B1D9F2F05002A2110 /* Release */ = {
			isa = XCBuildConfiguration;
			buildSettings = {
				BUNDLE_LOADER = "$(TEST_HOST)";
				INFOPLIST_FILE = ScoresTests/Info.plist;
				LD_RUNPATH_SEARCH_PATHS = "$(inherited) @executable_path/Frameworks @loader_path/Frameworks";
				PRODUCT_BUNDLE_IDENTIFIER = com.example.ScoresTests;
				PRODUCT_NAME = "$(TARGET_NAME)";
				SWIFT_SWIFT3_OBJC_INFERENCE = Default;
				SWIFT_VERSION = 4.0;
				TEST_HOST = "$(BUILT_PRODUCTS_DIR)/Scores.app/Scores";
			};
			name = Release;
		};
/* End XCBuildConfiguration section */

/* Begin XCConfigurationList section */
		F51E57441D9F2F05002A2110 /* Build configuration list for PBXProject "Scores" */ = {
			isa = XCConfigurationList;
			buildConfigurations = (
				F51E57641D9F2F05002A2110 /* Debug */,
				F51E57651D9F2F05002A2110 /* Release */,
			);
			defaultConfigurationIsVisible = 0;
			defaultConfigurationName = Release;
		};
		F51E57661D9F2F05002A2110 /* Build configuration list for PBXNativeTarget "Scores" */ = {
			isa = XCConfigurationList;
			buildConfigurations = (
				F51E57671D9F2F05002A2110 /* Debug */,
				F51E57681D9F2F05002A2110 /* Release */,
			);
			defaultConfigurationIsVisible = 0;
			defaultConfigurationName = Release;
		};
		F51E57691D9F2F05002A2110 /* Build configuration list for PBXNativeTarget "ScoresTests" */ = {
			isa = XCConfigurationList;
			buildConfigurations = (
				F51E576A1D9F2F05002A2110 /* Debug */,
				F51E576B1D9F2F05002A2110 /* Release */,
			);
			defaultConfigurationIsVisible = 0;
			defaultConfigurationName = Release;
		};
/* End XCConfigurationList section */
	};
	rootObject = F51E57411D9F2F05002A2110 /* Project object */;
}
