// !$*UTF8*$!
{
	archiveVersion = 1;
	classes = {
	};
	objectVersion = 46;
	objects = {

/* Begin PBXBuildFile section */
		F5B17ACF1D9AEA5600E1119E /* AppDelegate.swift in Sources */ = {isa = PBXBuildFile; fileRef = F5B17ACE1D9AEA5600E1119E /* AppDelegate.swift */; };
		F5B17AD11D9AEA5600E1119E /* ViewControllerGo.swift in Sources */ = {isa = PBXBuildFile; fileRef = F5B17AD01D9AEA5600E1119E /* ViewControllerGo.swift */; };
		F5B17AD41D9AEA5600E1119E /* Main.storyboard in Resources */ = {isa = PBXBuildFile; fileRef = F5B17AD21D9AEA5600E1119E /* Main.storyboard */; };
		F5B17AD61D9AEA5600E1119E /* Assets.xcassets in Resources */ = {isa = PBXBuildFile; fileRef = F5B17AD51D9AEA5600E1119E /* Assets.xcassets */; };
		F5B17AD91D9AEA5600E1119E /* LaunchScreen.storyboard in Resources */ = {isa = PBXBuildFile; fileRef = F5B17AD71D9AEA5600E1119E /* LaunchScreen.storyboard */; };
		F5B17AE41D9AEA5600E1119E /* GoGiantsTests.swift in Sources */ = {isa = PBXBuildFile; fileRef = F5B17AE31D9AEA5600E1119E /* GoGiantsTests.swift */; };
		F5B17AEF1D9AEBB800E1119E /* ViewControllerGiants.swift in Sources */ = {isa = PBXBuildFile; fileRef = F5B17AEE1D9AEBB800E1119E /* ViewControllerGiants.swift */; };
/* End PBXBuildFile section */

/* Begin PBXContainerItemProxy section */
		F5B17AE01D9AEA5600E1119E /* PBXContainerItemProxy */ = {
			isa = PBXContainerItemProxy;
			containerPortal = F5B17AC31D9AEA5600E1119E /* Project object */;
			proxyType = 1;
			remoteGlobalIDString = F5B17ACA1D9AEA5600E1119E;
			remoteInfo = GoGiants;
		};
/* End PBXContainerItemProxy section */

/* Begin PBXFileReference section */
		F5B17ACB1D9AEA5600E1119E /* GoGiants.app */ = {isa = PBXFileReference; explicitFileType = wrapper.application; includeInIndex = 0; path = GoGiants.app; sourceTree = BUILT_PRODUCTS_DIR; };
		F5B17ACE1D9AEA5600E1119E /* AppDelegate.swift */ = {isa = PBXFileReference; lastKnownFileType = sourcecode.swift; path = AppDelegate.swift; sourceTree = "<group>"; };
		F5B17AD01D9AEA5600E1119E /* ViewControllerGo.swift */ = {isa = PBXFileReference; lastKnownFileType = sourcecode.swift; path = ViewControllerGo.swift; sourceTree = "<group>"; };
		F5B17AD31D9AEA5600E1119E /* Base */ = {isa = PBXFileReference; lastKnownFileType = file.storyboard; name = Base; path = Base.lproj/Main.storyboard; sourceTree = "<group>"; };
		F5B17AD51D9AEA5600E1119E /* Assets.xcassets */ = {isa = PBXFileReference; lastKnownFileType = folder.assetcatalog; path = Assets.xcassets; sourceTree = "<group>"; };
		F5B17AD81D9AEA5600E1119E /* Base */ = {isa = PBXFileReference; lastKnownFileType = file.storyboard; name = Base; path = Base.lproj/LaunchScreen.storyboard; sourceTree = "<group>"; };
		F5B17ADA1D9AEA5600E1119E /* Info.plist */ = {isa = PBXFileReference; lastKnownFileType = text.plist.xml; path = Info.plist; sourceTree = "<group>"; };
		F5B17ADF1D9AEA5600E1119E /* GoGiantsTests.xctest */ = {isa = PBXFileReference; explicitFileType = wrapper.cfbundle; includeInIndex = 0; path = GoGiantsTests.xctest; sourceTree = BUILT_PRODUCTS_DIR; };
		F5B17AE31D9AEA5600E1119E /* GoGiantsTests.swift */ = {isa = PBXFileReference; lastKnownFileType = sourcecode.swift; path = GoGiantsTests.swift; sourceTree = "<group>"; };
		F5B17AE51D9AEA5600E1119E /* Info.plist */ = {isa = PBXFileReference; lastKnownFileType = text.plist.xml; path = Info.plist; sourceTree = "<group>"; };
		F5B17AEE1D9AEBB800E1119E /* ViewControllerGiants.swift */ = {isa = PBXFileReference; fileEncoding = 4; lastKnownFileType = sourcecode.swift; path = ViewControllerGiants.swift; sourceTree = "<group>"; };
/* End PBXFileReference section */

/* Begin PBXFrameworksBuildPhase section */
		F5B17AC81D9AEA5600E1119E /* Frameworks */ = {
			isa = PBXFrameworksBuildPhase;
			buildActionMask = 2147483647;
			files = (
			);
			runOnlyForDeploymentPostprocessing = 0;
		};
		F5B17ADC1D9AEA5600E1119E /* Frameworks */ = {
			isa = PBXFrameworksBuildPhase;
			buildActionMask = 2147483647;
			files = (
			);
			runOnlyForDeploymentPostprocessing = 0;
		};
/* End PBXFrameworksBuildPhase section */

/* Begin PBXGroup section */
		F5B17AC21D9AEA5600E1119E = {
			isa = PBXGroup;
			children = (
				F5B17ACD1D9AEA5600E1119E /* GoGiants */,
				F5B17AE21D9AEA5600E1119E /* GoGiantsTests */,
				F5B17ACC1D9AEA5600E1119E /* Products */,
			);
			sourceTree = "<group>";
		};
		F5B17ACC1D9AEA5600E1119E /* Products */ = {
			isa = PBXGroup;
			children = (
				F5B17ACB1D9AEA5600E1119E /* GoGiants.app */,
				F5B17ADF1D9AEA5600E1119E /* GoGiantsTests.xctest */,
			);
			name = Products;
			sourceTree = "<group>";
		};
		F5B17ACD1D9AEA5600E1119E /* GoGiants */ = {
			isa = PBXGroup;
			children = (
				F5B17ACE1D9AEA5600E1119E /* AppDelegate.swift */,
				F5B17AD01D9AEA5600E1119E /* ViewControllerGo.swift */,
				F5B17AEE1D9AEBB800E1119E /* ViewControllerGiants.swift */,
				F5B17AD21D9AEA5600E1119E /* Main.storyboard */,
				F5B17AD51D9AEA5600E1119E /* Assets.xcassets */,
				F5B17AD71D9AEA5600E1119E /* LaunchScreen.storyboard */,
				F5B17ADA1D9AEA5600E1119E /* Info.plist */,
			);
			path = GoGiants;
			sourceTree = "<group>";
		};
		F5B17AE21D9AEA5600E1119E /* GoGiantsTests */ = {
			isa = PBXGroup;
			children = (
				F5B17AE31D9AEA5600E1119E /* GoGiantsTests.swift */,
				F5B17AE51D9AEA5600E1119E /* Info.plist */,
			);
			path = GoGiantsTests;
			sourceTree = "<group>";
		};
/* End PBXGroup section */

/* Begin PBXNativeTarget section */
		F5B17ACA1D9AEA5600E1119E /* GoGiants */ = {
			isa = PBXNativeTarget;
			buildConfigurationList = F5B17AE81D9AEA5600E1119E /* Build configuration list for PBXNativeTarget "GoGiants" */;
			buildPhases = (
				F5B17AC71D9AEA5600E1119E /* Sources */,
				F5B17AC81D9AEA5600E1119E /* Frameworks */,
				F5B17AC91D9AEA5600E1119E /* Resources */,
			);
			buildRules = (
			);
			dependencies = (
			);
			name = GoGiants;
			productName = GoGiants;
			productReference = F5B17ACB1D9AEA5600E1119E /* GoGiants.app */;
			productType = "com.apple.product-type.application";
		};
		F5B17ADE1D9AEA5600E1119E /* GoGiantsTests */ = {
			isa = PBXNativeTarget;
			buildConfigurationList = F5B17AEB1D9AEA5600E1119E /* Build configuration list for PBXNativeTarget "GoGiantsTests" */;
			buildPhases = (
				F5B17ADB1D9AEA5600E1119E /* Sources */,
				F5B17ADC1D9AEA5600E1119E /* Frameworks */,
				F5B17ADD1D9AEA5600E1119E /* Resources */,
			);
			buildRules = (
			);
			dependencies = (
				F5B17AE11D9AEA5600E1119E /* PBXTargetDependency */,
			);
			name = GoGiantsTests;
			productName = GoGiantsTests;
			productReference = F5B17ADF1D9AEA5600E1119E /* GoGiantsTests.xctest */;
			productType = "com.apple.product-type.bundle.unit-test";
		};
/* End PBXNativeTarget section */

/* Begin PBXProject section */
		F5B17AC31D9AEA5600E1119E /* Project object */ = {
			isa = PBXProject;
			attributes = {
				LastSwiftUpdateCheck = 0730;
				LastUpgradeCheck = 0940;
				ORGANIZATIONNAME = "Max Luttrell";
				TargetAttributes = {
					F5B17ACA1D9AEA5600E1119E = {
						CreatedOnToolsVersion = 7.3.1;
						LastSwiftMigration = 0920;
					};
					F5B17ADE1D9AEA5600E1119E = {
						CreatedOnToolsVersion = 7.3.1;
						LastSwiftMigration = 0920;
						TestTargetID = F5B17ACA1D9AEA5600E1119E;
					};
				};
			};
			buildConfigurationList = F5B17AC61D9AEA5600E1119E /* Build configuration list for PBXProject "GoGiants" */;
			compatibilityVersion = "Xcode 3.2";
			developmentRegion = English;
			hasScannedForEncodings = 0;
			knownRegions = (
				en,
				Base,
			);
			mainGroup = F5B17AC21D9AEA5600E1119E;
			productRefGroup = F5B17ACC1D9AEA5600E1119E /* Products */;
			projectDirPath = "";
			projectRoot = "";
			targets = (
				F5B17ACA1D9AEA5600E1119E /* GoGiants */,
				F5B17ADE1D9AEA5600E1119E /* GoGiantsTests */,
			);
		};
/* End PBXProject section */

/* Begin PBXResourcesBuildPhase section */
		F5B17AC91D9AEA5600E1119E /* Resources */ = {
			isa = PBXResourcesBuildPhase;
			buildActionMask = 2147483647;
			files = (
				F5B17AD91D9AEA5600E1119E /* LaunchScreen.storyboard in Resources */,
				F5B17AD61D9AEA5600E1119E /* Assets.xcassets in Resources */,
				F5B17AD41D9AEA5600E1119E /* Main.storyboard in Resources */,
			);
			runOnlyForDeploymentPostprocessing = 0;
		};
		F5B17ADD1D9AEA5600E1119E /* Resources */ = {
			isa = PBXResourcesBuildPhase;
			buildActionMask = 2147483647;
			files = (
			);
			runOnlyForDeploymentPostprocessing = 0;
		};
/* End PBXResourcesBuildPhase section */

/* Begin PBXSourcesBuildPhase section */
		F5B17AC71D9AEA5600E1119E /* Sources */ = {
			isa = PBXSourcesBuildPhase;
			buildActionMask = 2147483647;
			files = (
				F5B17AEF1D9AEBB800E1119E /* ViewControllerGiants.swift in Sources */,
				F5B17AD11D9AEA5600E1119E /* ViewControllerGo.swift in Sources */,
				F5B17ACF1D9AEA5600E1119E /* AppDelegate.swift in Sources */,
			);
			runOnlyForDeploymentPostprocessing = 0;
		};
		F5B17ADB1D9AEA5600E1119E /* Sources */ = {
			isa = PBXSourcesBuildPhase;
			buildActionMask = 2147483647;
			files = (
				F5B17AE41D9AEA5600E1119E /* GoGiantsTests.swift in Sources */,
			);
			runOnlyForDeploymentPostprocessing = 0;
		};
/* End PBXSourcesBuildPhase section */

/* Begin PBXTargetDependency section */
		F5B17AE11D9AEA5600E1119E /* PBXTargetDependency */ = {
			isa = PBXTargetDependency;
			target = F5B17ACA1D9AEA5600E1119E /* GoGiants */;
			targetProxy = F5B17AE01D9AEA5600E1119E /* PBXContainerItemProxy */;
		};
/* End PBXTargetDependency section */

/* Begin PBXVariantGroup section */
		F5B17AD21D9AEA5600E1119E /* Main.storyboard */ = {
			isa = PBXVariantGroup;
			children = (
				F5B17AD31D9AEA5600E1119E /* Base */,
			);
			name = Main.storyboard;
			sourceTree = "<group>";
		};
		F5B17AD71D9AEA5600E1119E /* LaunchScreen.storyboard */ = {
			isa = PBXVariantGroup;
			children = (
				F5B17AD81D9AEA5600E1119E /* Base */,
			);
			name = LaunchScreen.storyboard;
			sourceTree = "<group>";
		};
/* End PBXVariantGroup section */

/* Begin XCBuildConfiguration section */
		F5B17AE61D9AEA5600E1119E /* Debug */ = {
			isa = XCBuildConfiguration;
			buildSettings = {
				ALWAYS_SEARCH_USER_PATHS = NO;
				CLANG_ANALYZER_NONNULL = YES;
				CLANG_CXX_LANGUAGE_STANDARD = "gnu++0x";
				CLANG_CXX_LIBRARY = "libc++";
				CLANG_ENABLE_MODULES = YES;
				CLANG_ENABLE_OBJC_ARC = YES;
				CLANG_WARN_BLOCK_CAPTURE_AUTORELEASING = YES;
				CLANG_WARN_BOOL_CONVERSION = YES;
				CLANG_WARN_COMMA = YES;
				CLANG_WARN_CONSTANT_CONVERSION = YES;
				CLANG_WARN_DEPRECATED_OBJC_IMPLEMENTATIONS = YES;
				CLANG_WARN_DIRECT_OBJC_ISA_USAGE = YES_ERROR;
				CLANG_WARN_EMPTY_BODY = YES;
				CLANG_WARN_ENUM_CONVERSION = YES;
				CLANG_WARN_INFINITE_RECURSION = YES;
				CLANG_WARN_INT_CONVERSION = YES;
				CLANG_WARN_NON_LITERAL_NULL_CONVERSION = YES;
				CLANG_WARN_OBJC_IMPLICIT_RETAIN_SELF = YES;
				CLANG_WARN_OBJC_LITERAL_CONVERSION = YES;
				CLANG_WARN_OBJC_ROOT_CLASS = YES_ERROR;
				CLANG_WARN_RANGE_LOOP_ANALYSIS = YES;
				CLANG_WARN_STRICT_PROTOTYPES = YES;
				CLANG_WARN_SUSPICIOUS_MOVE = YES;
				CLANG_WARN_UNREACHABLE_CODE = YES;
				CLANG_WARN__DUPLICATE_METHOD_MATCH = YES;
				"CODE_SIGN_IDENTITY[sdk=iphoneos*]" = "iPhone Developer";
				COPY_PHASE_STRIP = NO;
				DEBUG_INFORMATION_FORMAT = dwarf;
				ENABLE_STRICT_OBJC_MSGSEND = YES;
				ENABLE_TESTABILITY = YES;
				GCC_C_LANGUAGE_STANDARD = gnu99;
				GCC_DYNAMIC_NO_PIC = NO;
				GCC_NO_COMMON_BLOCKS = YES;
				GCC_OPTIMIZATION_LEVEL = 0;
				GCC_PREPROCESSOR_DEFINITIONS = (
					"DEBUG=1",
					"$(inherited)",
				);
				GCC_WARN_64_TO_32_BIT_CONVERSION = YES;
				GCC_WARN_ABOUT_RETURN_TYPE = YES_ERROR;
				GCC_WARN_UNDECLARED_SELECTOR = YES;
				GCC_WARN_UNINITIALIZED_AUTOS = YES_AGGRESSIVE;
				GCC_WARN_UNUSED_FUNCTION = YES;
				GCC_WARN_UNUSED_VARIABLE = YES;
				IPHONEOS_DEPLOYMENT_TARGET = 11.2;
				MTL_ENABLE_DEBUG_INFO = YES;
				ONLY_ACTIVE_ARCH = YES;
				SDKROOT = iphoneos;
				SWIFT_OPTIMIZATION_LEVEL = "-Onone";
				TARGETED_DEVICE_FAMILY = "1,2";
			};
			name = Debug;
		};
		F5B17AE71D9AEA5600E1119E /* Release */ = {
			isa = XCBuildConfiguration;
			buildSettings = {
				ALWAYS_SEARCH_USER_PATHS = NO;
				CLANG_ANALYZER_NONNULL = YES;
				CLANG_CXX_LANGUAGE_STANDARD = "gnu++0x";
				CLANG_CXX_LIBRARY = "libc++";
				CLANG_ENABLE_MODULES = YES;
				CLANG_ENABLE_OBJC_ARC = YES;
				CLANG_WARN_BLOCK_CAPTURE_AUTORELEASING = YES;
				CLANG_WARN_BOOL_CONVERSION = YES;
				CLANG_WARN_COMMA = YES;
				CLANG_WARN_CONSTANT_CONVERSION = YES;
				CLANG_WARN_DEPRECATED_OBJC_IMPLEMENTATIONS = YES;
				CLANG_WARN_DIRECT_OBJC_ISA_USAGE = YES_ERROR;
				CLANG_WARN_EMPTY_BODY = YES;
				CLANG_WARN_ENUM_CONVERSION = YES;
				CLANG_WARN_INFINITE_RECURSION = YES;
				CLANG_WARN_INT_CONVERSION = YES;
				CLANG_WARN_NON_LITERAL_NULL_CONVERSION = YES;
				CLANG_WARN_OBJC_IMPLICIT_RETAIN_SELF = YES;
				CLANG_WARN_OBJC_LITERAL_CONVERSION = YES;
				CLANG_WARN_OBJC_ROOT_CLASS = YES_ERROR;
				CLANG_WARN_RANGE_LOOP_ANALYSIS = YES;
				CLANG_WARN_STRICT_PROTOTYPES = YES;
				CLANG_WARN_SUSPICIOUS_MOVE = YES;
				CLANG_WARN_UNREACHABLE_CODE = YES;
				CLANG_WARN__DUPLICATE_METHOD_MATCH = YES;
				"CODE_SIGN_IDENTITY[sdk=iphoneos*]" = "iPhone Developer";
				COPY_PHASE_STRIP = NO;
				DEBUG_INFORMATION_FORMAT = "dwarf-with-dsym";
				ENABLE_NS_ASSERTIONS = NO;
				ENABLE_STRICT_OBJC_MSGSEND = YES;
				GCC_C_LANGUAGE_STANDARD = gnu99;
				GCC_NO_COMMON_BLOCKS = YES;
				GCC_WARN_64_TO_32_BIT_CONVERSION = YES;
				GCC_WARN_ABOUT_RETURN_TYPE = YES_ERROR;
				GCC_WARN_UNDECLARED_SELECTOR = YES;
				GCC_WARN_UNINITIALIZED_AUTOS = YES_AGGRESSIVE;
				GCC_WARN_UNUSED_FUNCTION = YES;
				GCC_WARN_UNUSED_VARIABLE = YES;
				IPHONEOS_DEPLOYMENT_TARGET = 11.2;
				MTL_ENABLE_DEBUG_INFO = NO;
				SDKROOT = iphoneos;
				SWIFT_OPTIMIZATION_LEVEL = "-Owholemodule";
				TARGETED_DEVICE_FAMILY = "1,2";
				VALIDATE_PRODUCT = YES;
			};
			name = Release;
		};
		F5B17AE91D9AEA5600E1119E /* Debug */ = {
			isa = XCBuildConfiguration;
			buildSettings = {
				ASSETCATALOG_COMPILER_APPICON_NAME = AppIcon;
				INFOPLIST_FILE = GoGiants/Info.plist;
				LD_RUNPATH_SEARCH_PATHS = "$(inherited) @executable_path/Frameworks";
				PRODUCT_BUNDLE_IDENTIFIER = com.example.GoGiants;
				PRODUCT_NAME = "$(TARGET_NAME)";
				SWIFT_SWIFT3_OBJC_INFERENCE = Default;
				SWIFT_VERSION = 4.0;
			};
			name = Debug;
		};
		F5B17AEA1D9AEA5600E1119E /* Release */ = {
			isa = XCBuildConfiguration;
			buildSettings = {
				ASSETCATALOG_COMPILER_APPICON_NAME = AppIcon;
				INFOPLIST_FILE = GoGiants/Info.plist;
				LD_RUNPATH_SEARCH_PATHS = "$(inherited) @executable_path/Frameworks";
				PRODUCT_BUNDLE_IDENTIFIER = com.example.GoGiants;
				PRODUCT_NAME = "$(TARGET_NAME)";
				SWIFT_SWIFT3_OBJC_INFERENCE = Default;
				SWIFT_VERSION = 4.0;
			};
			name = Release;
		};
		F5B17AEC1D9AEA5600E1119E /* Debug */ = {
			isa = XCBuildConfiguration;
			buildSettings = {
				BUNDLE_LOADER = "$(TEST_HOST)";
				INFOPLIST_FILE = GoGiantsTests/Info.plist;
				LD_RUNPATH_SEARCH_PATHS = "$(inherited) @executable_path/Frameworks @loader_path/Frameworks";
				PRODUCT_BUNDLE_IDENTIFIER = com.example.GoGiantsTests;
				PRODUCT_NAME = "$(TARGET_NAME)";
				SWIFT_SWIFT3_OBJC_INFERENCE = On;
				SWIFT_VERSION = 4.0;
				TEST_HOST = "$(BUILT_PRODUCTS_DIR)/GoGiants.app/GoGiants";
			};
			name = Debug;
		};
		F5B17AED1D9AEA5600E1119E /* Release */ = {
			isa = XCBuildConfiguration;
			buildSettings = {
				BUNDLE_LOADER = "$(TEST_HOST)";
				INFOPLIST_FILE = GoGiantsTests/Info.plist;
				LD_RUNPATH_SEARCH_PATHS = "$(inherited) @executable_path/Frameworks @loader_path/Frameworks";
				PRODUCT_BUNDLE_IDENTIFIER = com.example.GoGiantsTests;
				PRODUCT_NAME = "$(TARGET_NAME)";
				SWIFT_SWIFT3_OBJC_INFERENCE = On;
				SWIFT_VERSION = 4.0;
				TEST_HOST = "$(BUILT_PRODUCTS_DIR)/GoGiants.app/GoGiants";
			};
			name = Release;
		};
/* End XCBuildConfiguration section */

/* Begin XCConfigurationList section */
		F5B17AC61D9AEA5600E1119E /* Build configuration list for PBXProject "GoGiants" */ = {
			isa = XCConfigurationList;
			buildConfigurations = (
				F5B17AE61D9AEA5600E1119E /* Debug */,
				F5B17AE71D9AEA5600E1119E /* Release */,
			);
			defaultConfigurationIsVisible = 0;
			defaultConfigurationName = Release;
		};
		F5B17AE81D9AEA5600E1119E /* Build configuration list for PBXNativeTarget "GoGiants" */ = {
			isa = XCConfigurationList;
			buildConfigurations = (
				F5B17AE91D9AEA5600E1119E /* Debug */,
				F5B17AEA1D9AEA5600E1119E /* Release */,
			);
			defaultConfigurationIsVisible = 0;
			defaultConfigurationName = Release;
		};
		F5B17AEB1D9AEA5600E1119E /* Build configuration list for PBXNativeTarget "GoGiantsTests" */ = {
			isa = XCConfigurationList;
			buildConfigurations = (
				F5B17AEC1D9AEA5600E1119E /* Debug */,
				F5B17AED1D9AEA5600E1119E /* Release */,
			);
			defaultConfigurationIsVisible = 0;
			defaultConfigurationName = Release;
		};
/* End XCConfigurationList section */
	};
	rootObject = F5B17AC31D9AEA5600E1119E /* Project object */;
}
