// !$*UTF8*$!
{
	archiveVersion = 1;
	classes = {
	};
	objectVersion = 50;
	objects = {

/* Begin PBXBuildFile section */
		F50778FD2272434300BF4027 /* TempModel.swift in Sources */ = {isa = PBXBuildFile; fileRef = F50778FC2272434300BF4027 /* TempModel.swift */; };
		F537358F2278D7C200298801 /* TemperatureRange.swift in Sources */ = {isa = PBXBuildFile; fileRef = F537358E2278D7C200298801 /* TemperatureRange.swift */; };
		F53735932278E0A100298801 /* ViewController.swift in Sources */ = {isa = PBXBuildFile; fileRef = F53735922278E0A100298801 /* ViewController.swift */; };
		F57FFB7D21AC62AC003711B8 /* AppDelegate.swift in Sources */ = {isa = PBXBuildFile; fileRef = F57FFB7C21AC62AC003711B8 /* AppDelegate.swift */; };
		F57FFB8221AC62AC003711B8 /* Main.storyboard in Resources */ = {isa = PBXBuildFile; fileRef = F57FFB8021AC62AC003711B8 /* Main.storyboard */; };
		F57FFB8421AC62B0003711B8 /* Assets.xcassets in Resources */ = {isa = PBXBuildFile; fileRef = F57FFB8321AC62B0003711B8 /* Assets.xcassets */; };
		F57FFB8721AC62B0003711B8 /* LaunchScreen.storyboard in Resources */ = {isa = PBXBuildFile; fileRef = F57FFB8521AC62B0003711B8 /* LaunchScreen.storyboard */; };
/* End PBXBuildFile section */

/* Begin PBXFileReference section */
		F50778FC2272434300BF4027 /* TempModel.swift */ = {isa = PBXFileReference; lastKnownFileType = sourcecode.swift; path = TempModel.swift; sourceTree = "<group>"; };
		F537358E2278D7C200298801 /* TemperatureRange.swift */ = {isa = PBXFileReference; lastKnownFileType = sourcecode.swift; path = TemperatureRange.swift; sourceTree = "<group>"; };
		F53735922278E0A100298801 /* ViewController.swift */ = {isa = PBXFileReference; fileEncoding = 4; lastKnownFileType = sourcecode.swift; path = ViewController.swift; sourceTree = "<group>"; };
		F57FFB7921AC62AC003711B8 /* pickers.app */ = {isa = PBXFileReference; explicitFileType = wrapper.application; includeInIndex = 0; path = pickers.app; sourceTree = BUILT_PRODUCTS_DIR; };
		F57FFB7C21AC62AC003711B8 /* AppDelegate.swift */ = {isa = PBXFileReference; lastKnownFileType = sourcecode.swift; path = AppDelegate.swift; sourceTree = "<group>"; };
		F57FFB8121AC62AC003711B8 /* Base */ = {isa = PBXFileReference; lastKnownFileType = file.storyboard; name = Base; path = Base.lproj/Main.storyboard; sourceTree = "<group>"; };
		F57FFB8321AC62B0003711B8 /* Assets.xcassets */ = {isa = PBXFileReference; lastKnownFileType = folder.assetcatalog; path = Assets.xcassets; sourceTree = "<group>"; };
		F57FFB8621AC62B0003711B8 /* Base */ = {isa = PBXFileReference; lastKnownFileType = file.storyboard; name = Base; path = Base.lproj/LaunchScreen.storyboard; sourceTree = "<group>"; };
		F57FFB8821AC62B0003711B8 /* Info.plist */ = {isa = PBXFileReference; lastKnownFileType = text.plist.xml; path = Info.plist; sourceTree = "<group>"; };
/* End PBXFileReference section */

/* Begin PBXFrameworksBuildPhase section */
		F57FFB7621AC62AC003711B8 /* Frameworks */ = {
			isa = PBXFrameworksBuildPhase;
			buildActionMask = 2147483647;
			files = (
			);
			runOnlyForDeploymentPostprocessing = 0;
		};
/* End PBXFrameworksBuildPhase section */

/* Begin PBXGroup section */
		F57FFB7021AC62AC003711B8 = {
			isa = PBXGroup;
			children = (
				F57FFB7B21AC62AC003711B8 /* pickers */,
				F57FFB7A21AC62AC003711B8 /* Products */,
			);
			sourceTree = "<group>";
		};
		F57FFB7A21AC62AC003711B8 /* Products */ = {
			isa = PBXGroup;
			children = (
				F57FFB7921AC62AC003711B8 /* pickers.app */,
			);
			name = Products;
			sourceTree = "<group>";
		};
		F57FFB7B21AC62AC003711B8 /* pickers */ = {
			isa = PBXGroup;
			children = (
				F57FFB7C21AC62AC003711B8 /* AppDelegate.swift */,
				F53735922278E0A100298801 /* ViewController.swift */,
				F50778FC2272434300BF4027 /* TempModel.swift */,
				F537358E2278D7C200298801 /* TemperatureRange.swift */,
				F57FFB8021AC62AC003711B8 /* Main.storyboard */,
				F57FFB8321AC62B0003711B8 /* Assets.xcassets */,
				F57FFB8521AC62B0003711B8 /* LaunchScreen.storyboard */,
				F57FFB8821AC62B0003711B8 /* Info.plist */,
			);
			path = pickers;
			sourceTree = "<group>";
		};
/* End PBXGroup section */

/* Begin PBXNativeTarget section */
		F57FFB7821AC62AC003711B8 /* pickers */ = {
			isa = PBXNativeTarget;
			buildConfigurationList = F57FFB8B21AC62B0003711B8 /* Build configuration list for PBXNativeTarget "pickers" */;
			buildPhases = (
				F57FFB7521AC62AC003711B8 /* Sources */,
				F57FFB7621AC62AC003711B8 /* Frameworks */,
				F57FFB7721AC62AC003711B8 /* Resources */,
			);
			buildRules = (
			);
			dependencies = (
			);
			name = pickers;
			productName = pickers;
			productReference = F57FFB7921AC62AC003711B8 /* pickers.app */;
			productType = "com.apple.product-type.application";
		};
/* End PBXNativeTarget section */

/* Begin PBXProject section */
		F57FFB7121AC62AC003711B8 /* Project object */ = {
			isa = PBXProject;
			attributes = {
				LastSwiftUpdateCheck = 0940;
				LastUpgradeCheck = 0940;
				ORGANIZATIONNAME = "Max Luttrell";
				TargetAttributes = {
					F57FFB7821AC62AC003711B8 = {
						CreatedOnToolsVersion = 9.4.1;
					};
				};
			};
			buildConfigurationList = F57FFB7421AC62AC003711B8 /* Build configuration list for PBXProject "pickers" */;
			compatibilityVersion = "Xcode 9.3";
			developmentRegion = en;
			hasScannedForEncodings = 0;
			knownRegions = (
				en,
				Base,
			);
			mainGroup = F57FFB7021AC62AC003711B8;
			productRefGroup = F57FFB7A21AC62AC003711B8 /* Products */;
			projectDirPath = "";
			projectRoot = "";
			targets = (
				F57FFB7821AC62AC003711B8 /* pickers */,
			);
		};
/* End PBXProject section */

/* Begin PBXResourcesBuildPhase section */
		F57FFB7721AC62AC003711B8 /* Resources */ = {
			isa = PBXResourcesBuildPhase;
			buildActionMask = 2147483647;
			files = (
				F57FFB8721AC62B0003711B8 /* LaunchScreen.storyboard in Resources */,
				F57FFB8421AC62B0003711B8 /* Assets.xcassets in Resources */,
				F57FFB8221AC62AC003711B8 /* Main.storyboard in Resources */,
			);
			runOnlyForDeploymentPostprocessing = 0;
		};
/* End PBXResourcesBuildPhase section */

/* Begin PBXSourcesBuildPhase section */
		F57FFB7521AC62AC003711B8 /* Sources */ = {
			isa = PBXSourcesBuildPhase;
			buildActionMask = 2147483647;
			files = (
				F537358F2278D7C200298801 /* TemperatureRange.swift in Sources */,
				F50778FD2272434300BF4027 /* TempModel.swift in Sources */,
				F53735932278E0A100298801 /* ViewController.swift in Sources */,
				F57FFB7D21AC62AC003711B8 /* AppDelegate.swift in Sources */,
			);
			runOnlyForDeploymentPostprocessing = 0;
		};
/* End PBXSourcesBuildPhase section */

/* Begin PBXVariantGroup section */
		F57FFB8021AC62AC003711B8 /* Main.storyboard */ = {
			isa = PBXVariantGroup;
			children = (
				F57FFB8121AC62AC003711B8 /* Base */,
			);
			name = Main.storyboard;
			sourceTree = "<group>";
		};
		F57FFB8521AC62B0003711B8 /* LaunchScreen.storyboard */ = {
			isa = PBXVariantGroup;
			children = (
				F57FFB8621AC62B0003711B8 /* Base */,
			);
			name = LaunchScreen.storyboard;
			sourceTree = "<group>";
		};
/* End PBXVariantGroup section */

/* Begin XCBuildConfiguration section */
		F57FFB8921AC62B0003711B8 /* Debug */ = {
			isa = XCBuildConfiguration;
			buildSettings = {
				ALWAYS_SEARCH_USER_PATHS = NO;
				CLANG_ANALYZER_NONNULL = YES;
				CLANG_ANALYZER_NUMBER_OBJECT_CONVERSION = YES_AGGRESSIVE;
				CLANG_CXX_LANGUAGE_STANDARD = "gnu++14";
				CLANG_CXX_LIBRARY = "libc++";
				CLANG_ENABLE_MODULES = YES;
				CLANG_ENABLE_OBJC_ARC = YES;
				CLANG_ENABLE_OBJC_WEAK = YES;
				CLANG_WARN_BLOCK_CAPTURE_AUTORELEASING = YES;
				CLANG_WARN_BOOL_CONVERSION = YES;
				CLANG_WARN_COMMA = YES;
				CLANG_WARN_CONSTANT_CONVERSION = YES;
				CLANG_WARN_DEPRECATED_OBJC_IMPLEMENTATIONS = YES;
				CLANG_WARN_DIRECT_OBJC_ISA_USAGE = YES_ERROR;
				CLANG_WARN_DOCUMENTATION_COMMENTS = YES;
				CLANG_WARN_EMPTY_BODY = YES;
				CLANG_WARN_ENUM_CONVERSION = YES;
				CLANG_WARN_INFINITE_RECURSION = YES;
				CLANG_WARN_INT_CONVERSION = YES;
				CLANG_WARN_NON_LITERAL_NULL_CONVERSION = YES;
				CLANG_WARN_OBJC_IMPLICIT_RETAIN_SELF = YES;
				CLANG_WARN_OBJC_LITERAL_CONVERSION = YES;
				CLANG_WARN_OBJC_ROOT_CLASS = YES_ERROR;
				CLANG_WARN_RANGE_LOOP_ANALYSIS = YES;
				CLANG_WARN_STRICT_PROTOTYPES = YES;
				CLANG_WARN_SUSPICIOUS_MOVE = YES;
				CLANG_WARN_UNGUARDED_AVAILABILITY = YES_AGGRESSIVE;
				CLANG_WARN_UNREACHABLE_CODE = YES;
				CLANG_WARN__DUPLICATE_METHOD_MATCH = YES;
				CODE_SIGN_IDENTITY = "iPhone Developer";
				COPY_PHASE_STRIP = NO;
				DEBUG_INFORMATION_FORMAT = dwarf;
				ENABLE_STRICT_OBJC_MSGSEND = YES;
				ENABLE_TESTABILITY = YES;
				GCC_C_LANGUAGE_STANDARD = gnu11;
				GCC_DYNAMIC_NO_PIC = NO;
				GCC_NO_COMMON_BLOCKS = YES;
				GCC_OPTIMIZATION_LEVEL = 0;
				GCC_PREPROCESSOR_DEFINITIONS = (
					"DEBUG=1",
					"$(inherited)",
				);
				GCC_WARN_64_TO_32_BIT_CONVERSION = YES;
				GCC_WARN_ABOUT_RETURN_TYPE = YES_ERROR;
				GCC_WARN_UNDECLARED_SELECTOR = YES;
				GCC_WARN_UNINITIALIZED_AUTOS = YES_AGGRESSIVE;
				GCC_WARN_UNUSED_FUNCTION = YES;
				GCC_WARN_UNUSED_VARIABLE = YES;
				IPHONEOS_DEPLOYMENT_TARGET = 11.4;
				MTL_ENABLE_DEBUG_INFO = YES;
				ONLY_ACTIVE_ARCH = YES;
				SDKROOT = iphoneos;
				SWIFT_ACTIVE_COMPILATION_CONDITIONS = DEBUG;
				SWIFT_OPTIMIZATION_LEVEL = "-Onone";
			};
			name = Debug;
		};
		F57FFB8A21AC62B0003711B8 /* Release */ = {
			isa = XCBuildConfiguration;
			buildSettings = {
				ALWAYS_SEARCH_USER_PATHS = NO;
				CLANG_ANALYZER_NONNULL = YES;
				CLANG_ANALYZER_NUMBER_OBJECT_CONVERSION = YES_AGGRESSIVE;
				CLANG_CXX_LANGUAGE_STANDARD = "gnu++14";
				CLANG_CXX_LIBRARY = "libc++";
				CLANG_ENABLE_MODULES = YES;
				CLANG_ENABLE_OBJC_ARC = YES;
				CLANG_ENABLE_OBJC_WEAK = YES;
				CLANG_WARN_BLOCK_CAPTURE_AUTORELEASING = YES;
				CLANG_WARN_BOOL_CONVERSION = YES;
				CLANG_WARN_COMMA = YES;
				CLANG_WARN_CONSTANT_CONVERSION = YES;
				CLANG_WARN_DEPRECATED_OBJC_IMPLEMENTATIONS = YES;
				CLANG_WARN_DIRECT_OBJC_ISA_USAGE = YES_ERROR;
				CLANG_WARN_DOCUMENTATION_COMMENTS = YES;
				CLANG_WARN_EMPTY_BODY = YES;
				CLANG_WARN_ENUM_CONVERSION = YES;
				CLANG_WARN_INFINITE_RECURSION = YES;
				CLANG_WARN_INT_CONVERSION = YES;
				CLANG_WARN_NON_LITERAL_NULL_CONVERSION = YES;
				CLANG_WARN_OBJC_IMPLICIT_RETAIN_SELF = YES;
				CLANG_WARN_OBJC_LITERAL_CONVERSION = YES;
				CLANG_WARN_OBJC_ROOT_CLASS = YES_ERROR;
				CLANG_WARN_RANGE_LOOP_ANALYSIS = YES;
				CLANG_WARN_STRICT_PROTOTYPES = YES;
				CLANG_WARN_SUSPICIOUS_MOVE = YES;
				CLANG_WARN_UNGUARDED_AVAILABILITY = YES_AGGRESSIVE;
				CLANG_WARN_UNREACHABLE_CODE = YES;
				CLANG_WARN__DUPLICATE_METHOD_MATCH = YES;
				CODE_SIGN_IDENTITY = "iPhone Developer";
				COPY_PHASE_STRIP = NO;
				DEBUG_INFORMATION_FORMAT = "dwarf-with-dsym";
				ENABLE_NS_ASSERTIONS = NO;
				ENABLE_STRICT_OBJC_MSGSEND = YES;
				GCC_C_LANGUAGE_STANDARD = gnu11;
				GCC_NO_COMMON_BLOCKS = YES;
				GCC_WARN_64_TO_32_BIT_CONVERSION = YES;
				GCC_WARN_ABOUT_RETURN_TYPE = YES_ERROR;
				GCC_WARN_UNDECLARED_SELECTOR = YES;
				GCC_WARN_UNINITIALIZED_AUTOS = YES_AGGRESSIVE;
				GCC_WARN_UNUSED_FUNCTION = YES;
				GCC_WARN_UNUSED_VARIABLE = YES;
				IPHONEOS_DEPLOYMENT_TARGET = 11.4;
				MTL_ENABLE_DEBUG_INFO = NO;
				SDKROOT = iphoneos;
				SWIFT_COMPILATION_MODE = wholemodule;
				SWIFT_OPTIMIZATION_LEVEL = "-O";
				VALIDATE_PRODUCT = YES;
			};
			name = Release;
		};
		F57FFB8C21AC62B0003711B8 /* Debug */ = {
			isa = XCBuildConfiguration;
			buildSettings = {
				ASSETCATALOG_COMPILER_APPICON_NAME = AppIcon;
				CODE_SIGN_STYLE = Automatic;
				INFOPLIST_FILE = pickers/Info.plist;
				LD_RUNPATH_SEARCH_PATHS = (
					"$(inherited)",
					"@executable_path/Frameworks",
				);
				PRODUCT_BUNDLE_IDENTIFIER = com.example.pickers;
				PRODUCT_NAME = "$(TARGET_NAME)";
				SWIFT_VERSION = 4.0;
				TARGETED_DEVICE_FAMILY = "1,2";
			};
			name = Debug;
		};
		F57FFB8D21AC62B0003711B8 /* Release */ = {
			isa = XCBuildConfiguration;
			buildSettings = {
				ASSETCATALOG_COMPILER_APPICON_NAME = AppIcon;
				CODE_SIGN_STYLE = Automatic;
				INFOPLIST_FILE = pickers/Info.plist;
				LD_RUNPATH_SEARCH_PATHS = (
					"$(inherited)",
					"@executable_path/Frameworks",
				);
				PRODUCT_BUNDLE_IDENTIFIER = com.example.pickers;
				PRODUCT_NAME = "$(TARGET_NAME)";
				SWIFT_VERSION = 4.0;
				TARGETED_DEVICE_FAMILY = "1,2";
			};
			name = Release;
		};
/* End XCBuildConfiguration section */

/* Begin XCConfigurationList section */
		F57FFB7421AC62AC003711B8 /* Build configuration list for PBXProject "pickers" */ = {
			isa = XCConfigurationList;
			buildConfigurations = (
				F57FFB8921AC62B0003711B8 /* Debug */,
				F57FFB8A21AC62B0003711B8 /* Release */,
			);
			defaultConfigurationIsVisible = 0;
			defaultConfigurationName = Release;
		};
		F57FFB8B21AC62B0003711B8 /* Build configuration list for PBXNativeTarget "pickers" */ = {
			isa = XCConfigurationList;
			buildConfigurations = (
				F57FFB8C21AC62B0003711B8 /* Debug */,
				F57FFB8D21AC62B0003711B8 /* Release */,
			);
			defaultConfigurationIsVisible = 0;
			defaultConfigurationName = Release;
		};
/* End XCConfigurationList section */
	};
	rootObject = F57FFB7121AC62AC003711B8 /* Project object */;
}
