// !$*UTF8*$!
{
	archiveVersion = 1;
	classes = {
	};
	objectVersion = 46;
	objects = {

/* Begin PBXBuildFile section */
		F54DE1761DD560D600272655 /* AppDelegate.swift in Sources */ = {isa = PBXBuildFile; fileRef = F54DE1751DD560D600272655 /* AppDelegate.swift */; };
		F54DE1781DD560D600272655 /* ViewController.swift in Sources */ = {isa = PBXBuildFile; fileRef = F54DE1771DD560D600272655 /* ViewController.swift */; };
		F54DE17B1DD560D600272655 /* Main.storyboard in Resources */ = {isa = PBXBuildFile; fileRef = F54DE1791DD560D600272655 /* Main.storyboard */; };
		F54DE17D1DD560D600272655 /* Assets.xcassets in Resources */ = {isa = PBXBuildFile; fileRef = F54DE17C1DD560D600272655 /* Assets.xcassets */; };
		F54DE1801DD560D600272655 /* LaunchScreen.storyboard in Resources */ = {isa = PBXBuildFile; fileRef = F54DE17E1DD560D600272655 /* LaunchScreen.storyboard */; };
/* End PBXBuildFile section */

/* Begin PBXFileReference section */
		F54DE1721DD560D600272655 /* TemperatureDemo.app */ = {isa = PBXFileReference; explicitFileType = wrapper.application; includeInIndex = 0; path = TemperatureDemo.app; sourceTree = BUILT_PRODUCTS_DIR; };
		F54DE1751DD560D600272655 /* AppDelegate.swift */ = {isa = PBXFileReference; lastKnownFileType = sourcecode.swift; path = AppDelegate.swift; sourceTree = "<group>"; };
		F54DE1771DD560D600272655 /* ViewController.swift */ = {isa = PBXFileReference; lastKnownFileType = sourcecode.swift; path = ViewController.swift; sourceTree = "<group>"; };
		F54DE17A1DD560D600272655 /* Base */ = {isa = PBXFileReference; lastKnownFileType = file.storyboard; name = Base; path = Base.lproj/Main.storyboard; sourceTree = "<group>"; };
		F54DE17C1DD560D600272655 /* Assets.xcassets */ = {isa = PBXFileReference; lastKnownFileType = folder.assetcatalog; path = Assets.xcassets; sourceTree = "<group>"; };
		F54DE17F1DD560D600272655 /* Base */ = {isa = PBXFileReference; lastKnownFileType = file.storyboard; name = Base; path = Base.lproj/LaunchScreen.storyboard; sourceTree = "<group>"; };
		F54DE1811DD560D600272655 /* Info.plist */ = {isa = PBXFileReference; lastKnownFileType = text.plist.xml; path = Info.plist; sourceTree = "<group>"; };
/* End PBXFileReference section */

/* Begin PBXFrameworksBuildPhase section */
		F54DE16F1DD560D600272655 /* Frameworks */ = {
			isa = PBXFrameworksBuildPhase;
			buildActionMask = 2147483647;
			files = (
			);
			runOnlyForDeploymentPostprocessing = 0;
		};
/* End PBXFrameworksBuildPhase section */

/* Begin PBXGroup section */
		F54DE1691DD560D500272655 = {
			isa = PBXGroup;
			children = (
				F54DE1741DD560D600272655 /* TemperatureDemo */,
				F54DE1731DD560D600272655 /* Products */,
			);
			sourceTree = "<group>";
		};
		F54DE1731DD560D600272655 /* Products */ = {
			isa = PBXGroup;
			children = (
				F54DE1721DD560D600272655 /* TemperatureDemo.app */,
			);
			name = Products;
			sourceTree = "<group>";
		};
		F54DE1741DD560D600272655 /* TemperatureDemo */ = {
			isa = PBXGroup;
			children = (
				F54DE1751DD560D600272655 /* AppDelegate.swift */,
				F54DE1771DD560D600272655 /* ViewController.swift */,
				F54DE1791DD560D600272655 /* Main.storyboard */,
				F54DE17C1DD560D600272655 /* Assets.xcassets */,
				F54DE17E1DD560D600272655 /* LaunchScreen.storyboard */,
				F54DE1811DD560D600272655 /* Info.plist */,
			);
			path = TemperatureDemo;
			sourceTree = "<group>";
		};
/* End PBXGroup section */

/* Begin PBXNativeTarget section */
		F54DE1711DD560D600272655 /* TemperatureDemo */ = {
			isa = PBXNativeTarget;
			buildConfigurationList = F54DE1841DD560D600272655 /* Build configuration list for PBXNativeTarget "TemperatureDemo" */;
			buildPhases = (
				F54DE16E1DD560D600272655 /* Sources */,
				F54DE16F1DD560D600272655 /* Frameworks */,
				F54DE1701DD560D600272655 /* Resources */,
			);
			buildRules = (
			);
			dependencies = (
			);
			name = TemperatureDemo;
			productName = TemperatureDemo;
			productReference = F54DE1721DD560D600272655 /* TemperatureDemo.app */;
			productType = "com.apple.product-type.application";
		};
/* End PBXNativeTarget section */

/* Begin PBXProject section */
		F54DE16A1DD560D500272655 /* Project object */ = {
			isa = PBXProject;
			attributes = {
				LastSwiftUpdateCheck = 0730;
				LastUpgradeCheck = 0730;
				ORGANIZATIONNAME = "Max Luttrell";
				TargetAttributes = {
					F54DE1711DD560D600272655 = {
						CreatedOnToolsVersion = 7.3.1;
					};
				};
			};
			buildConfigurationList = F54DE16D1DD560D500272655 /* Build configuration list for PBXProject "TemperatureDemo" */;
			compatibilityVersion = "Xcode 3.2";
			developmentRegion = English;
			hasScannedForEncodings = 0;
			knownRegions = (
				en,
				Base,
			);
			mainGroup = F54DE1691DD560D500272655;
			productRefGroup = F54DE1731DD560D600272655 /* Products */;
			projectDirPath = "";
			projectRoot = "";
			targets = (
				F54DE1711DD560D600272655 /* TemperatureDemo */,
			);
		};
/* End PBXProject section */

/* Begin PBXResourcesBuildPhase section */
		F54DE1701DD560D600272655 /* Resources */ = {
			isa = PBXResourcesBuildPhase;
			buildActionMask = 2147483647;
			files = (
				F54DE1801DD560D600272655 /* LaunchScreen.storyboard in Resources */,
				F54DE17D1DD560D600272655 /* Assets.xcassets in Resources */,
				F54DE17B1DD560D600272655 /* Main.storyboard in Resources */,
			);
			runOnlyForDeploymentPostprocessing = 0;
		};
/* End PBXResourcesBuildPhase section */

/* Begin PBXSourcesBuildPhase section */
		F54DE16E1DD560D600272655 /* Sources */ = {
			isa = PBXSourcesBuildPhase;
			buildActionMask = 2147483647;
			files = (
				F54DE1781DD560D600272655 /* ViewController.swift in Sources */,
				F54DE1761DD560D600272655 /* AppDelegate.swift in Sources */,
			);
			runOnlyForDeploymentPostprocessing = 0;
		};
/* End PBXSourcesBuildPhase section */

/* Begin PBXVariantGroup section */
		F54DE1791DD560D600272655 /* Main.storyboard */ = {
			isa = PBXVariantGroup;
			children = (
				F54DE17A1DD560D600272655 /* Base */,
			);
			name = Main.storyboard;
			sourceTree = "<group>";
		};
		F54DE17E1DD560D600272655 /* LaunchScreen.storyboard */ = {
			isa = PBXVariantGroup;
			children = (
				F54DE17F1DD560D600272655 /* Base */,
			);
			name = LaunchScreen.storyboard;
			sourceTree = "<group>";
		};
/* End PBXVariantGroup section */

/* Begin XCBuildConfiguration section */
		F54DE1821DD560D600272655 /* Debug */ = {
			isa = XCBuildConfiguration;
			buildSettings = {
				ALWAYS_SEARCH_USER_PATHS = NO;
				CLANG_ANALYZER_NONNULL = YES;
				CLANG_CXX_LANGUAGE_STANDARD = "gnu++0x";
				CLANG_CXX_LIBRARY = "libc++";
				CLANG_ENABLE_MODULES = YES;
				CLANG_ENABLE_OBJC_ARC = YES;
				CLANG_WARN_BOOL_CONVERSION = YES;
				CLANG_WARN_CONSTANT_CONVERSION = YES;
				CLANG_WARN_DIRECT_OBJC_ISA_USAGE = YES_ERROR;
				CLANG_WARN_EMPTY_BODY = YES;
				CLANG_WARN_ENUM_CONVERSION = YES;
				CLANG_WARN_INT_CONVERSION = YES;
				CLANG_WARN_OBJC_ROOT_CLASS = YES_ERROR;
				CLANG_WARN_UNREACHABLE_CODE = YES;
				CLANG_WARN__DUPLICATE_METHOD_MATCH = YES;
				"CODE_SIGN_IDENTITY[sdk=iphoneos*]" = "iPhone Developer";
				COPY_PHASE_STRIP = NO;
				DEBUG_INFORMATION_FORMAT = dwarf;
				ENABLE_STRICT_OBJC_MSGSEND = YES;
				ENABLE_TESTABILITY = YES;
				GCC_C_LANGUAGE_STANDARD = gnu99;
				GCC_DYNAMIC_NO_PIC = NO;
				GCC_NO_COMMON_BLOCKS = YES;
				GCC_OPTIMIZATION_LEVEL = 0;
				GCC_PREPROCESSOR_DEFINITIONS = (
					"DEBUG=1",
					"$(inherited)",
				);
				GCC_WARN_64_TO_32_BIT_CONVERSION = YES;
				GCC_WARN_ABOUT_RETURN_TYPE = YES_ERROR;
				GCC_WARN_UNDECLARED_SELECTOR = YES;
				GCC_WARN_UNINITIALIZED_AUTOS = YES_AGGRESSIVE;
				GCC_WARN_UNUSED_FUNCTION = YES;
				GCC_WARN_UNUSED_VARIABLE = YES;
				IPHONEOS_DEPLOYMENT_TARGET = 9.3;
				MTL_ENABLE_DEBUG_INFO = YES;
				ONLY_ACTIVE_ARCH = YES;
				SDKROOT = iphoneos;
				SWIFT_OPTIMIZATION_LEVEL = "-Onone";
			};
			name = Debug;
		};
		F54DE1831DD560D600272655 /* Release */ = {
			isa = XCBuildConfiguration;
			buildSettings = {
				ALWAYS_SEARCH_USER_PATHS = NO;
				CLANG_ANALYZER_NONNULL = YES;
				CLANG_CXX_LANGUAGE_STANDARD = "gnu++0x";
				CLANG_CXX_LIBRARY = "libc++";
				CLANG_ENABLE_MODULES = YES;
				CLANG_ENABLE_OBJC_ARC = YES;
				CLANG_WARN_BOOL_CONVERSION = YES;
				CLANG_WARN_CONSTANT_CONVERSION = YES;
				CLANG_WARN_DIRECT_OBJC_ISA_USAGE = YES_ERROR;
				CLANG_WARN_EMPTY_BODY = YES;
				CLANG_WARN_ENUM_CONVERSION = YES;
				CLANG_WARN_INT_CONVERSION = YES;
				CLANG_WARN_OBJC_ROOT_CLASS = YES_ERROR;
				CLANG_WARN_UNREACHABLE_CODE = YES;
				CLANG_WARN__DUPLICATE_METHOD_MATCH = YES;
				"CODE_SIGN_IDENTITY[sdk=iphoneos*]" = "iPhone Developer";
				COPY_PHASE_STRIP = NO;
				DEBUG_INFORMATION_FORMAT = "dwarf-with-dsym";
				ENABLE_NS_ASSERTIONS = NO;
				ENABLE_STRICT_OBJC_MSGSEND = YES;
				GCC_C_LANGUAGE_STANDARD = gnu99;
				GCC_NO_COMMON_BLOCKS = YES;
				GCC_WARN_64_TO_32_BIT_CONVERSION = YES;
				GCC_WARN_ABOUT_RETURN_TYPE = YES_ERROR;
				GCC_WARN_UNDECLARED_SELECTOR = YES;
				GCC_WARN_UNINITIALIZED_AUTOS = YES_AGGRESSIVE;
				GCC_WARN_UNUSED_FUNCTION = YES;
				GCC_WARN_UNUSED_VARIABLE = YES;
				IPHONEOS_DEPLOYMENT_TARGET = 9.3;
				MTL_ENABLE_DEBUG_INFO = NO;
				SDKROOT = iphoneos;
				VALIDATE_PRODUCT = YES;
			};
			name = Release;
		};
		F54DE1851DD560D600272655 /* Debug */ = {
			isa = XCBuildConfiguration;
			buildSettings = {
				ASSETCATALOG_COMPILER_APPICON_NAME = AppIcon;
				INFOPLIST_FILE = TemperatureDemo/Info.plist;
				LD_RUNPATH_SEARCH_PATHS = "$(inherited) @executable_path/Frameworks";
				PRODUCT_BUNDLE_IDENTIFIER = com.example.TemperatureDemo;
				PRODUCT_NAME = "$(TARGET_NAME)";
			};
			name = Debug;
		};
		F54DE1861DD560D600272655 /* Release */ = {
			isa = XCBuildConfiguration;
			buildSettings = {
				ASSETCATALOG_COMPILER_APPICON_NAME = AppIcon;
				INFOPLIST_FILE = TemperatureDemo/Info.plist;
				LD_RUNPATH_SEARCH_PATHS = "$(inherited) @executable_path/Frameworks";
				PRODUCT_BUNDLE_IDENTIFIER = com.example.TemperatureDemo;
				PRODUCT_NAME = "$(TARGET_NAME)";
			};
			name = Release;
		};
/* End XCBuildConfiguration section */

/* Begin XCConfigurationList section */
		F54DE16D1DD560D500272655 /* Build configuration list for PBXProject "TemperatureDemo" */ = {
			isa = XCConfigurationList;
			buildConfigurations = (
				F54DE1821DD560D600272655 /* Debug */,
				F54DE1831DD560D600272655 /* Release */,
			);
			defaultConfigurationIsVisible = 0;
			defaultConfigurationName = Release;
		};
		F54DE1841DD560D600272655 /* Build configuration list for PBXNativeTarget "TemperatureDemo" */ = {
			isa = XCConfigurationList;
			buildConfigurations = (
				F54DE1851DD560D600272655 /* Debug */,
				F54DE1861DD560D600272655 /* Release */,
			);
			defaultConfigurationIsVisible = 0;
		};
/* End XCConfigurationList section */
	};
	rootObject = F54DE16A1DD560D500272655 /* Project object */;
}
